// !$*UTF8*$!
{
	archiveVersion = 1;
	classes = {
	};
	objectVersion = 56;
	objects = {

/* Begin PBXBuildFile section */
		FA1D892329CA26780034E011 /* Utilities.mm in Sources */ = {isa = PBXBuildFile; fileRef = FA1D891B29CA26780034E011 /* Utilities.mm */; };
		FA1D892429CA26780034E011 /* Bridge.mm in Sources */ = {isa = PBXBuildFile; fileRef = FA1D891F29CA26780034E011 /* Bridge.mm */; };
		FA1D892529CA26780034E011 /* DrawCommands.mm in Sources */ = {isa = PBXBuildFile; fileRef = FA1D892029CA26780034E011 /* DrawCommands.mm */; };
		FA34B13C299C175A0067FA19 /* Basic.vsh in Resources */ = {isa = PBXBuildFile; fileRef = FA34B13B299C175A0067FA19 /* Basic.vsh */; };
		FA34B13E299C17690067FA19 /* Basic.fsh in Resources */ = {isa = PBXBuildFile; fileRef = FA34B13D299C17690067FA19 /* Basic.fsh */; };
		FA6F518B29CD7A6200B1B554 /* Camera.mm in Sources */ = {isa = PBXBuildFile; fileRef = FA6F518A29CD7A6200B1B554 /* Camera.mm */; };
		FA6F518D29CD7DBD00B1B554 /* Cube.obj in Resources */ = {isa = PBXBuildFile; fileRef = FA6F518C29CD7DBD00B1B554 /* Cube.obj */; };
		FA734734299B7E7500D68127 /* AppDelegate.swift in Sources */ = {isa = PBXBuildFile; fileRef = FA734733299B7E7500D68127 /* AppDelegate.swift */; };
		FA734736299B7E7500D68127 /* SceneDelegate.swift in Sources */ = {isa = PBXBuildFile; fileRef = FA734735299B7E7500D68127 /* SceneDelegate.swift */; };
		FA734738299B7E7500D68127 /* ViewController.swift in Sources */ = {isa = PBXBuildFile; fileRef = FA734737299B7E7500D68127 /* ViewController.swift */; };
		FA73473B299B7E7500D68127 /* Main.storyboard in Resources */ = {isa = PBXBuildFile; fileRef = FA734739299B7E7500D68127 /* Main.storyboard */; };
		FA73473D299B7E7700D68127 /* Assets.xcassets in Resources */ = {isa = PBXBuildFile; fileRef = FA73473C299B7E7700D68127 /* Assets.xcassets */; };
		FA734740299B7E7700D68127 /* LaunchScreen.storyboard in Resources */ = {isa = PBXBuildFile; fileRef = FA73473E299B7E7700D68127 /* LaunchScreen.storyboard */; };
		FAA0711629D2742B00AB2054 /* Passthrough.vsh in Resources */ = {isa = PBXBuildFile; fileRef = FAA0711529D2742B00AB2054 /* Passthrough.vsh */; };
		FAA0711829D2743400AB2054 /* Passthrough.fsh in Resources */ = {isa = PBXBuildFile; fileRef = FAA0711729D2743400AB2054 /* Passthrough.fsh */; };
		FAA0711A29D3EB9400AB2054 /* TrueBasic.vsh in Resources */ = {isa = PBXBuildFile; fileRef = FAA0711929D3EB9400AB2054 /* TrueBasic.vsh */; };
		FAA0711C29D3EBA500AB2054 /* TrueBasic.fsh in Resources */ = {isa = PBXBuildFile; fileRef = FAA0711B29D3EBA500AB2054 /* TrueBasic.fsh */; };
		FAA0711E29D4132000AB2054 /* Advanced.vsh in Resources */ = {isa = PBXBuildFile; fileRef = FAA0711D29D4132000AB2054 /* Advanced.vsh */; };
		FAA0712029D4132B00AB2054 /* Advanced.fsh in Resources */ = {isa = PBXBuildFile; fileRef = FAA0711F29D4132B00AB2054 /* Advanced.fsh */; };
		FAA0712C29D5551500AB2054 /* perc60.obj in Resources */ = {isa = PBXBuildFile; fileRef = FAA0712B29D5551500AB2054 /* perc60.obj */; };
		FAAA346D29D0C7F70058FE13 /* crate.jpg in Resources */ = {isa = PBXBuildFile; fileRef = FAAA346C29D0C7F70058FE13 /* crate.jpg */; };
/* End PBXBuildFile section */

/* Begin PBXFileReference section */
		6B5280B129D56ADF00A8DB35 /* SnakeHead.h */ = {isa = PBXFileReference; lastKnownFileType = sourcecode.c.h; path = SnakeHead.h; sourceTree = "<group>"; };
		6B5280B229D57A8600A8DB35 /* GridComponent.h */ = {isa = PBXFileReference; lastKnownFileType = sourcecode.c.h; path = GridComponent.h; sourceTree = "<group>"; };
		FA1D891829CA26770034E011 /* Includes.h */ = {isa = PBXFileReference; fileEncoding = 4; lastKnownFileType = sourcecode.c.h; path = Includes.h; sourceTree = "<group>"; };
		FA1D891A29CA26770034E011 /* Bridge.h */ = {isa = PBXFileReference; fileEncoding = 4; lastKnownFileType = sourcecode.c.h; path = Bridge.h; sourceTree = "<group>"; };
		FA1D891B29CA26780034E011 /* Utilities.mm */ = {isa = PBXFileReference; fileEncoding = 4; lastKnownFileType = sourcecode.cpp.objcpp; path = Utilities.mm; sourceTree = "<group>"; };
		FA1D891C29CA26780034E011 /* DrawCommands.h */ = {isa = PBXFileReference; fileEncoding = 4; lastKnownFileType = sourcecode.c.h; path = DrawCommands.h; sourceTree = "<group>"; };
		FA1D891D29CA26780034E011 /* Utilities.h */ = {isa = PBXFileReference; fileEncoding = 4; lastKnownFileType = sourcecode.c.h; path = Utilities.h; sourceTree = "<group>"; };
		FA1D891F29CA26780034E011 /* Bridge.mm */ = {isa = PBXFileReference; fileEncoding = 4; lastKnownFileType = sourcecode.cpp.objcpp; path = Bridge.mm; sourceTree = "<group>"; };
		FA1D892029CA26780034E011 /* DrawCommands.mm */ = {isa = PBXFileReference; fileEncoding = 4; lastKnownFileType = sourcecode.cpp.objcpp; path = DrawCommands.mm; sourceTree = "<group>"; };
		FA1D892129CA26780034E011 /* Camera.h */ = {isa = PBXFileReference; fileEncoding = 4; lastKnownFileType = sourcecode.c.h; path = Camera.h; sourceTree = "<group>"; };
		FA34B138299C14E20067FA19 /* Snake-Bridging-Header.h */ = {isa = PBXFileReference; lastKnownFileType = sourcecode.c.h; path = "Snake-Bridging-Header.h"; sourceTree = "<group>"; };
		FA34B13B299C175A0067FA19 /* Basic.vsh */ = {isa = PBXFileReference; lastKnownFileType = sourcecode.glsl; path = Basic.vsh; sourceTree = "<group>"; };
		FA34B13D299C17690067FA19 /* Basic.fsh */ = {isa = PBXFileReference; lastKnownFileType = sourcecode.glsl; path = Basic.fsh; sourceTree = "<group>"; };
		FA6F518829CD53AB00B1B554 /* Mesh.h */ = {isa = PBXFileReference; lastKnownFileType = sourcecode.c.h; path = Mesh.h; sourceTree = "<group>"; };
		FA6F518929CD5F2100B1B554 /* Renderer.h */ = {isa = PBXFileReference; lastKnownFileType = sourcecode.c.h; path = Renderer.h; sourceTree = "<group>"; };
		FA6F518A29CD7A6200B1B554 /* Camera.mm */ = {isa = PBXFileReference; lastKnownFileType = sourcecode.cpp.objcpp; path = Camera.mm; sourceTree = "<group>"; };
		FA6F518C29CD7DBD00B1B554 /* Cube.obj */ = {isa = PBXFileReference; fileEncoding = 4; lastKnownFileType = text; path = Cube.obj; sourceTree = "<group>"; };
		FA734733299B7E7500D68127 /* AppDelegate.swift */ = {isa = PBXFileReference; lastKnownFileType = sourcecode.swift; path = AppDelegate.swift; sourceTree = "<group>"; };
		FA734735299B7E7500D68127 /* SceneDelegate.swift */ = {isa = PBXFileReference; lastKnownFileType = sourcecode.swift; path = SceneDelegate.swift; sourceTree = "<group>"; };
		FA734737299B7E7500D68127 /* ViewController.swift */ = {isa = PBXFileReference; lastKnownFileType = sourcecode.swift; path = ViewController.swift; sourceTree = "<group>"; };
		FA73473A299B7E7500D68127 /* Base */ = {isa = PBXFileReference; lastKnownFileType = file.storyboard; name = Base; path = Base.lproj/Main.storyboard; sourceTree = "<group>"; };
		FA73473C299B7E7700D68127 /* Assets.xcassets */ = {isa = PBXFileReference; lastKnownFileType = folder.assetcatalog; path = Assets.xcassets; sourceTree = "<group>"; };
		FA73473F299B7E7700D68127 /* Base */ = {isa = PBXFileReference; lastKnownFileType = file.storyboard; name = Base; path = Base.lproj/LaunchScreen.storyboard; sourceTree = "<group>"; };
		FA734741299B7E7700D68127 /* Info.plist */ = {isa = PBXFileReference; lastKnownFileType = text.plist.xml; path = Info.plist; sourceTree = "<group>"; };
		FA734759299B876C00D68127 /* Snake.app */ = {isa = PBXFileReference; explicitFileType = wrapper.application; includeInIndex = 0; path = Snake.app; sourceTree = BUILT_PRODUCTS_DIR; };
		FAA0711529D2742B00AB2054 /* Passthrough.vsh */ = {isa = PBXFileReference; lastKnownFileType = sourcecode.glsl; path = Passthrough.vsh; sourceTree = "<group>"; };
		FAA0711729D2743400AB2054 /* Passthrough.fsh */ = {isa = PBXFileReference; lastKnownFileType = sourcecode.glsl; path = Passthrough.fsh; sourceTree = "<group>"; };
		FAA0711929D3EB9400AB2054 /* TrueBasic.vsh */ = {isa = PBXFileReference; lastKnownFileType = sourcecode.glsl; path = TrueBasic.vsh; sourceTree = "<group>"; };
		FAA0711B29D3EBA500AB2054 /* TrueBasic.fsh */ = {isa = PBXFileReference; lastKnownFileType = sourcecode.glsl; path = TrueBasic.fsh; sourceTree = "<group>"; };
		FAA0711D29D4132000AB2054 /* Advanced.vsh */ = {isa = PBXFileReference; lastKnownFileType = sourcecode.glsl; path = Advanced.vsh; sourceTree = "<group>"; };
		FAA0711F29D4132B00AB2054 /* Advanced.fsh */ = {isa = PBXFileReference; lastKnownFileType = sourcecode.glsl; path = Advanced.fsh; sourceTree = "<group>"; };
		FAA0712229D53C0A00AB2054 /* Transform.h */ = {isa = PBXFileReference; lastKnownFileType = sourcecode.c.h; path = Transform.h; sourceTree = "<group>"; };
		FAA0712329D53C3000AB2054 /* MeshRenderer.h */ = {isa = PBXFileReference; lastKnownFileType = sourcecode.c.h; path = MeshRenderer.h; sourceTree = "<group>"; };
		FAA0712429D5401500AB2054 /* GameManager.h */ = {isa = PBXFileReference; lastKnownFileType = sourcecode.c.h; path = GameManager.h; sourceTree = "<group>"; };
		FAA0712B29D5551500AB2054 /* perc60.obj */ = {isa = PBXFileReference; fileEncoding = 4; lastKnownFileType = text; path = perc60.obj; sourceTree = "<group>"; };
		FAA0712D29D5633600AB2054 /* PillRotation.h */ = {isa = PBXFileReference; lastKnownFileType = sourcecode.c.h; path = PillRotation.h; sourceTree = "<group>"; };
		FAAA346C29D0C7F70058FE13 /* crate.jpg */ = {isa = PBXFileReference; lastKnownFileType = image.jpeg; path = crate.jpg; sourceTree = "<group>"; };
		FAF588EC29CD357F00E0515E /* GameObject.h */ = {isa = PBXFileReference; lastKnownFileType = sourcecode.c.h; path = GameObject.h; sourceTree = "<group>"; };
		FAF588ED29CD363800E0515E /* Component.h */ = {isa = PBXFileReference; lastKnownFileType = sourcecode.c.h; path = Component.h; sourceTree = "<group>"; };
/* End PBXFileReference section */

/* Begin PBXFrameworksBuildPhase section */
		FA73472D299B7E7500D68127 /* Frameworks */ = {
			isa = PBXFrameworksBuildPhase;
			buildActionMask = 2147483647;
			files = (
			);
			runOnlyForDeploymentPostprocessing = 0;
		};
/* End PBXFrameworksBuildPhase section */

/* Begin PBXGroup section */
		FA34B140299C19B10067FA19 /* Shaders */ = {
			isa = PBXGroup;
			children = (
				FA34B13B299C175A0067FA19 /* Basic.vsh */,
				FA34B13D299C17690067FA19 /* Basic.fsh */,
				FAA0711529D2742B00AB2054 /* Passthrough.vsh */,
				FAA0711729D2743400AB2054 /* Passthrough.fsh */,
				FAA0711929D3EB9400AB2054 /* TrueBasic.vsh */,
				FAA0711B29D3EBA500AB2054 /* TrueBasic.fsh */,
				FAA0711D29D4132000AB2054 /* Advanced.vsh */,
				FAA0711F29D4132B00AB2054 /* Advanced.fsh */,
			);
			name = Shaders;
			sourceTree = "<group>";
		};
		FA34B142299C1A190067FA19 /* Headers */ = {
			isa = PBXGroup;
			children = (
				FAA0712129D53BFB00AB2054 /* Components */,
				FA1D892129CA26780034E011 /* Camera.h */,
				FA1D891C29CA26780034E011 /* DrawCommands.h */,
				FA1D891829CA26770034E011 /* Includes.h */,
				FA1D891A29CA26770034E011 /* Bridge.h */,
				FA1D891D29CA26780034E011 /* Utilities.h */,
				FAF588EC29CD357F00E0515E /* GameObject.h */,
				FAF588ED29CD363800E0515E /* Component.h */,
				FA6F518829CD53AB00B1B554 /* Mesh.h */,
				FA6F518929CD5F2100B1B554 /* Renderer.h */,
				FAA0712429D5401500AB2054 /* GameManager.h */,
			);
			name = Headers;
			sourceTree = "<group>";
		};
		FA6F518E29CD7DC400B1B554 /* Models */ = {
			isa = PBXGroup;
			children = (
				FAA0712B29D5551500AB2054 /* perc60.obj */,
				FAAA346C29D0C7F70058FE13 /* crate.jpg */,
				FA6F518C29CD7DBD00B1B554 /* Cube.obj */,
			);
			name = Models;
			sourceTree = "<group>";
		};
		FA734727299B7E7500D68127 = {
			isa = PBXGroup;
			children = (
				FA734732299B7E7500D68127 /* Snake */,
				FA734759299B876C00D68127 /* Snake.app */,
			);
			sourceTree = "<group>";
		};
		FA734732299B7E7500D68127 /* Snake */ = {
			isa = PBXGroup;
			children = (
				FAFBE484299C1BE400A678A5 /* Source */,
				FA34B142299C1A190067FA19 /* Headers */,
				FA34B140299C19B10067FA19 /* Shaders */,
				FA6F518E29CD7DC400B1B554 /* Models */,
				FA734735299B7E7500D68127 /* SceneDelegate.swift */,
				FA734737299B7E7500D68127 /* ViewController.swift */,
				FA734733299B7E7500D68127 /* AppDelegate.swift */,
				FA734739299B7E7500D68127 /* Main.storyboard */,
				FA73473C299B7E7700D68127 /* Assets.xcassets */,
				FA73473E299B7E7700D68127 /* LaunchScreen.storyboard */,
				FA734741299B7E7700D68127 /* Info.plist */,
				FA34B138299C14E20067FA19 /* Snake-Bridging-Header.h */,
			);
			path = Snake;
			sourceTree = "<group>";
		};
		FAA0712129D53BFB00AB2054 /* Components */ = {
			isa = PBXGroup;
			children = (
				FAA0712229D53C0A00AB2054 /* Transform.h */,
				FAA0712329D53C3000AB2054 /* MeshRenderer.h */,
				FAA0712D29D5633600AB2054 /* PillRotation.h */,
				6B5280B129D56ADF00A8DB35 /* SnakeHead.h */,
				6B5280B229D57A8600A8DB35 /* GridComponent.h */,
			);
			name = Components;
			sourceTree = "<group>";
		};
		FAFBE484299C1BE400A678A5 /* Source */ = {
			isa = PBXGroup;
			children = (
				FA1D892029CA26780034E011 /* DrawCommands.mm */,
				FA1D891F29CA26780034E011 /* Bridge.mm */,
				FA1D891B29CA26780034E011 /* Utilities.mm */,
				FA6F518A29CD7A6200B1B554 /* Camera.mm */,
			);
			name = Source;
			sourceTree = "<group>";
		};
/* End PBXGroup section */

/* Begin PBXNativeTarget section */
		FA73472F299B7E7500D68127 /* Snake */ = {
			isa = PBXNativeTarget;
			buildConfigurationList = FA734744299B7E7700D68127 /* Build configuration list for PBXNativeTarget "Snake" */;
			buildPhases = (
				FA73472C299B7E7500D68127 /* Sources */,
				FA73472D299B7E7500D68127 /* Frameworks */,
				FA73472E299B7E7500D68127 /* Resources */,
			);
			buildRules = (
			);
			dependencies = (
			);
			name = Snake;
			productName = Snake;
			productReference = FA734759299B876C00D68127 /* Snake.app */;
			productType = "com.apple.product-type.application";
		};
/* End PBXNativeTarget section */

/* Begin PBXProject section */
		FA734728299B7E7500D68127 /* Project object */ = {
			isa = PBXProject;
			attributes = {
				BuildIndependentTargetsInParallel = 1;
				LastSwiftUpdateCheck = 1410;
				LastUpgradeCheck = 1410;
				TargetAttributes = {
					FA73472F299B7E7500D68127 = {
						CreatedOnToolsVersion = 14.1;
						LastSwiftMigration = 1410;
					};
				};
			};
			buildConfigurationList = FA73472B299B7E7500D68127 /* Build configuration list for PBXProject "Snake" */;
			compatibilityVersion = "Xcode 14.0";
			developmentRegion = en;
			hasScannedForEncodings = 0;
			knownRegions = (
				en,
				Base,
			);
			mainGroup = FA734727299B7E7500D68127;
			productRefGroup = FA734727299B7E7500D68127;
			projectDirPath = "";
			projectRoot = "";
			targets = (
				FA73472F299B7E7500D68127 /* Snake */,
			);
		};
/* End PBXProject section */

/* Begin PBXResourcesBuildPhase section */
		FA73472E299B7E7500D68127 /* Resources */ = {
			isa = PBXResourcesBuildPhase;
			buildActionMask = 2147483647;
			files = (
				FA6F518D29CD7DBD00B1B554 /* Cube.obj in Resources */,
				FAA0712C29D5551500AB2054 /* perc60.obj in Resources */,
				FAA0711E29D4132000AB2054 /* Advanced.vsh in Resources */,
				FAAA346D29D0C7F70058FE13 /* crate.jpg in Resources */,
				FA34B13C299C175A0067FA19 /* Basic.vsh in Resources */,
				FA734740299B7E7700D68127 /* LaunchScreen.storyboard in Resources */,
				FA73473D299B7E7700D68127 /* Assets.xcassets in Resources */,
				FA73473B299B7E7500D68127 /* Main.storyboard in Resources */,
				FAA0711829D2743400AB2054 /* Passthrough.fsh in Resources */,
				FAA0711629D2742B00AB2054 /* Passthrough.vsh in Resources */,
				FA34B13E299C17690067FA19 /* Basic.fsh in Resources */,
				FAA0712029D4132B00AB2054 /* Advanced.fsh in Resources */,
				FAA0711A29D3EB9400AB2054 /* TrueBasic.vsh in Resources */,
				FAA0711C29D3EBA500AB2054 /* TrueBasic.fsh in Resources */,
			);
			runOnlyForDeploymentPostprocessing = 0;
		};
/* End PBXResourcesBuildPhase section */

/* Begin PBXSourcesBuildPhase section */
		FA73472C299B7E7500D68127 /* Sources */ = {
			isa = PBXSourcesBuildPhase;
			buildActionMask = 2147483647;
			files = (
				FA734738299B7E7500D68127 /* ViewController.swift in Sources */,
				FA1D892329CA26780034E011 /* Utilities.mm in Sources */,
				FA6F518B29CD7A6200B1B554 /* Camera.mm in Sources */,
				FA734734299B7E7500D68127 /* AppDelegate.swift in Sources */,
				FA1D892529CA26780034E011 /* DrawCommands.mm in Sources */,
				FA1D892429CA26780034E011 /* Bridge.mm in Sources */,
				FA734736299B7E7500D68127 /* SceneDelegate.swift in Sources */,
			);
			runOnlyForDeploymentPostprocessing = 0;
		};
/* End PBXSourcesBuildPhase section */

/* Begin PBXVariantGroup section */
		FA734739299B7E7500D68127 /* Main.storyboard */ = {
			isa = PBXVariantGroup;
			children = (
				FA73473A299B7E7500D68127 /* Base */,
			);
			name = Main.storyboard;
			sourceTree = "<group>";
		};
		FA73473E299B7E7700D68127 /* LaunchScreen.storyboard */ = {
			isa = PBXVariantGroup;
			children = (
				FA73473F299B7E7700D68127 /* Base */,
			);
			name = LaunchScreen.storyboard;
			sourceTree = "<group>";
		};
/* End PBXVariantGroup section */

/* Begin XCBuildConfiguration section */
		FA734742299B7E7700D68127 /* Debug */ = {
			isa = XCBuildConfiguration;
			buildSettings = {
				ALWAYS_SEARCH_USER_PATHS = NO;
				CLANG_ANALYZER_NONNULL = YES;
				CLANG_ANALYZER_NUMBER_OBJECT_CONVERSION = YES_AGGRESSIVE;
				CLANG_CXX_LANGUAGE_STANDARD = "gnu++20";
				CLANG_ENABLE_MODULES = YES;
				CLANG_ENABLE_OBJC_ARC = YES;
				CLANG_ENABLE_OBJC_WEAK = YES;
				CLANG_WARN_BLOCK_CAPTURE_AUTORELEASING = YES;
				CLANG_WARN_BOOL_CONVERSION = YES;
				CLANG_WARN_COMMA = YES;
				CLANG_WARN_CONSTANT_CONVERSION = YES;
				CLANG_WARN_DEPRECATED_OBJC_IMPLEMENTATIONS = YES;
				CLANG_WARN_DIRECT_OBJC_ISA_USAGE = YES_ERROR;
				CLANG_WARN_DOCUMENTATION_COMMENTS = YES;
				CLANG_WARN_EMPTY_BODY = YES;
				CLANG_WARN_ENUM_CONVERSION = YES;
				CLANG_WARN_INFINITE_RECURSION = YES;
				CLANG_WARN_INT_CONVERSION = YES;
				CLANG_WARN_NON_LITERAL_NULL_CONVERSION = YES;
				CLANG_WARN_OBJC_IMPLICIT_RETAIN_SELF = YES;
				CLANG_WARN_OBJC_LITERAL_CONVERSION = YES;
				CLANG_WARN_OBJC_ROOT_CLASS = YES_ERROR;
				CLANG_WARN_QUOTED_INCLUDE_IN_FRAMEWORK_HEADER = YES;
				CLANG_WARN_RANGE_LOOP_ANALYSIS = YES;
				CLANG_WARN_STRICT_PROTOTYPES = YES;
				CLANG_WARN_SUSPICIOUS_MOVE = YES;
				CLANG_WARN_UNGUARDED_AVAILABILITY = YES_AGGRESSIVE;
				CLANG_WARN_UNREACHABLE_CODE = YES;
				CLANG_WARN__DUPLICATE_METHOD_MATCH = YES;
				COPY_PHASE_STRIP = NO;
				DEBUG_INFORMATION_FORMAT = dwarf;
				ENABLE_STRICT_OBJC_MSGSEND = YES;
				ENABLE_TESTABILITY = YES;
				GCC_C_LANGUAGE_STANDARD = gnu11;
				GCC_DYNAMIC_NO_PIC = NO;
				GCC_NO_COMMON_BLOCKS = YES;
				GCC_OPTIMIZATION_LEVEL = 0;
				GCC_PREPROCESSOR_DEFINITIONS = (
					"DEBUG=1",
					"$(inherited)",
				);
				GCC_WARN_64_TO_32_BIT_CONVERSION = YES;
				GCC_WARN_ABOUT_RETURN_TYPE = YES_ERROR;
				GCC_WARN_UNDECLARED_SELECTOR = YES;
				GCC_WARN_UNINITIALIZED_AUTOS = YES_AGGRESSIVE;
				GCC_WARN_UNUSED_FUNCTION = YES;
				GCC_WARN_UNUSED_VARIABLE = YES;
				IPHONEOS_DEPLOYMENT_TARGET = 16.1;
				MTL_ENABLE_DEBUG_INFO = INCLUDE_SOURCE;
				MTL_FAST_MATH = YES;
				ONLY_ACTIVE_ARCH = YES;
				SDKROOT = iphoneos;
				SWIFT_ACTIVE_COMPILATION_CONDITIONS = DEBUG;
				SWIFT_OBJC_BRIDGING_HEADER = "";
				SWIFT_OPTIMIZATION_LEVEL = "-Onone";
			};
			name = Debug;
		};
		FA734743299B7E7700D68127 /* Release */ = {
			isa = XCBuildConfiguration;
			buildSettings = {
				ALWAYS_SEARCH_USER_PATHS = NO;
				CLANG_ANALYZER_NONNULL = YES;
				CLANG_ANALYZER_NUMBER_OBJECT_CONVERSION = YES_AGGRESSIVE;
				CLANG_CXX_LANGUAGE_STANDARD = "gnu++20";
				CLANG_ENABLE_MODULES = YES;
				CLANG_ENABLE_OBJC_ARC = YES;
				CLANG_ENABLE_OBJC_WEAK = YES;
				CLANG_WARN_BLOCK_CAPTURE_AUTORELEASING = YES;
				CLANG_WARN_BOOL_CONVERSION = YES;
				CLANG_WARN_COMMA = YES;
				CLANG_WARN_CONSTANT_CONVERSION = YES;
				CLANG_WARN_DEPRECATED_OBJC_IMPLEMENTATIONS = YES;
				CLANG_WARN_DIRECT_OBJC_ISA_USAGE = YES_ERROR;
				CLANG_WARN_DOCUMENTATION_COMMENTS = YES;
				CLANG_WARN_EMPTY_BODY = YES;
				CLANG_WARN_ENUM_CONVERSION = YES;
				CLANG_WARN_INFINITE_RECURSION = YES;
				CLANG_WARN_INT_CONVERSION = YES;
				CLANG_WARN_NON_LITERAL_NULL_CONVERSION = YES;
				CLANG_WARN_OBJC_IMPLICIT_RETAIN_SELF = YES;
				CLANG_WARN_OBJC_LITERAL_CONVERSION = YES;
				CLANG_WARN_OBJC_ROOT_CLASS = YES_ERROR;
				CLANG_WARN_QUOTED_INCLUDE_IN_FRAMEWORK_HEADER = YES;
				CLANG_WARN_RANGE_LOOP_ANALYSIS = YES;
				CLANG_WARN_STRICT_PROTOTYPES = YES;
				CLANG_WARN_SUSPICIOUS_MOVE = YES;
				CLANG_WARN_UNGUARDED_AVAILABILITY = YES_AGGRESSIVE;
				CLANG_WARN_UNREACHABLE_CODE = YES;
				CLANG_WARN__DUPLICATE_METHOD_MATCH = YES;
				COPY_PHASE_STRIP = NO;
				DEBUG_INFORMATION_FORMAT = "dwarf-with-dsym";
				ENABLE_NS_ASSERTIONS = NO;
				ENABLE_STRICT_OBJC_MSGSEND = YES;
				GCC_C_LANGUAGE_STANDARD = gnu11;
				GCC_NO_COMMON_BLOCKS = YES;
				GCC_WARN_64_TO_32_BIT_CONVERSION = YES;
				GCC_WARN_ABOUT_RETURN_TYPE = YES_ERROR;
				GCC_WARN_UNDECLARED_SELECTOR = YES;
				GCC_WARN_UNINITIALIZED_AUTOS = YES_AGGRESSIVE;
				GCC_WARN_UNUSED_FUNCTION = YES;
				GCC_WARN_UNUSED_VARIABLE = YES;
				IPHONEOS_DEPLOYMENT_TARGET = 16.1;
				MTL_ENABLE_DEBUG_INFO = NO;
				MTL_FAST_MATH = YES;
				SDKROOT = iphoneos;
				SWIFT_COMPILATION_MODE = wholemodule;
				SWIFT_OBJC_BRIDGING_HEADER = "";
				SWIFT_OPTIMIZATION_LEVEL = "-O";
				VALIDATE_PRODUCT = YES;
			};
			name = Release;
		};
		FA734745299B7E7700D68127 /* Debug */ = {
			isa = XCBuildConfiguration;
			buildSettings = {
				ASSETCATALOG_COMPILER_APPICON_NAME = AppIcon;
				ASSETCATALOG_COMPILER_GLOBAL_ACCENT_COLOR_NAME = AccentColor;
				CLANG_ENABLE_MODULES = YES;
				CODE_SIGN_STYLE = Automatic;
				CURRENT_PROJECT_VERSION = 1;
				GCC_PREPROCESSOR_DEFINITIONS = "GLES_SILENCE_DEPRECATION=1";
				GENERATE_INFOPLIST_FILE = YES;
				INFOPLIST_FILE = Snake/Info.plist;
				INFOPLIST_KEY_UIApplicationSupportsIndirectInputEvents = YES;
				INFOPLIST_KEY_UILaunchStoryboardName = LaunchScreen;
				INFOPLIST_KEY_UIMainStoryboardFile = Main;
				INFOPLIST_KEY_UISupportedInterfaceOrientations_iPad = "UIInterfaceOrientationPortrait UIInterfaceOrientationPortraitUpsideDown UIInterfaceOrientationLandscapeLeft UIInterfaceOrientationLandscapeRight";
				INFOPLIST_KEY_UISupportedInterfaceOrientations_iPhone = "UIInterfaceOrientationPortrait UIInterfaceOrientationLandscapeLeft UIInterfaceOrientationLandscapeRight";
				LD_RUNPATH_SEARCH_PATHS = (
					"$(inherited)",
					"@executable_path/Frameworks",
				);
				MARKETING_VERSION = 1.0;
				PRODUCT_BUNDLE_IDENTIFIER = cbat.Snake;
				PRODUCT_NAME = "$(TARGET_NAME)";
				SUPPORTED_PLATFORMS = "iphoneos iphonesimulator";
				SUPPORTS_MACCATALYST = NO;
				SUPPORTS_MAC_DESIGNED_FOR_IPHONE_IPAD = NO;
				SWIFT_EMIT_LOC_STRINGS = YES;
				SWIFT_OBJC_BRIDGING_HEADER = "Snake/Snake-Bridging-Header.h";
				SWIFT_OPTIMIZATION_LEVEL = "-Onone";
				SWIFT_PRECOMPILE_BRIDGING_HEADER = YES;
				SWIFT_VERSION = 5.0;
				TARGETED_DEVICE_FAMILY = "1,2";
			};
			name = Debug;
		};
		FA734746299B7E7700D68127 /* Release */ = {
			isa = XCBuildConfiguration;
			buildSettings = {
				ASSETCATALOG_COMPILER_APPICON_NAME = AppIcon;
				ASSETCATALOG_COMPILER_GLOBAL_ACCENT_COLOR_NAME = AccentColor;
				CLANG_ENABLE_MODULES = YES;
				CODE_SIGN_STYLE = Automatic;
				CURRENT_PROJECT_VERSION = 1;
				GCC_PREPROCESSOR_DEFINITIONS = "GLES_SILENCE_DEPRECATION=1";
				GENERATE_INFOPLIST_FILE = YES;
				INFOPLIST_FILE = Snake/Info.plist;
				INFOPLIST_KEY_UIApplicationSupportsIndirectInputEvents = YES;
				INFOPLIST_KEY_UILaunchStoryboardName = LaunchScreen;
				INFOPLIST_KEY_UIMainStoryboardFile = Main;
				INFOPLIST_KEY_UISupportedInterfaceOrientations_iPad = "UIInterfaceOrientationPortrait UIInterfaceOrientationPortraitUpsideDown UIInterfaceOrientationLandscapeLeft UIInterfaceOrientationLandscapeRight";
				INFOPLIST_KEY_UISupportedInterfaceOrientations_iPhone = "UIInterfaceOrientationPortrait UIInterfaceOrientationLandscapeLeft UIInterfaceOrientationLandscapeRight";
				LD_RUNPATH_SEARCH_PATHS = (
					"$(inherited)",
					"@executable_path/Frameworks",
				);
				MARKETING_VERSION = 1.0;
				PRODUCT_BUNDLE_IDENTIFIER = cbat.Snake;
				PRODUCT_NAME = "$(TARGET_NAME)";
				SUPPORTED_PLATFORMS = "iphoneos iphonesimulator";
				SUPPORTS_MACCATALYST = NO;
				SUPPORTS_MAC_DESIGNED_FOR_IPHONE_IPAD = NO;
				SWIFT_EMIT_LOC_STRINGS = YES;
				SWIFT_OBJC_BRIDGING_HEADER = "Snake/Snake-Bridging-Header.h";
				SWIFT_PRECOMPILE_BRIDGING_HEADER = YES;
				SWIFT_VERSION = 5.0;
				TARGETED_DEVICE_FAMILY = "1,2";
			};
			name = Release;
		};
/* End XCBuildConfiguration section */

/* Begin XCConfigurationList section */
		FA73472B299B7E7500D68127 /* Build configuration list for PBXProject "Snake" */ = {
			isa = XCConfigurationList;
			buildConfigurations = (
				FA734742299B7E7700D68127 /* Debug */,
				FA734743299B7E7700D68127 /* Release */,
			);
			defaultConfigurationIsVisible = 0;
			defaultConfigurationName = Release;
		};
		FA734744299B7E7700D68127 /* Build configuration list for PBXNativeTarget "Snake" */ = {
			isa = XCConfigurationList;
			buildConfigurations = (
				FA734745299B7E7700D68127 /* Debug */,
				FA734746299B7E7700D68127 /* Release */,
			);
			defaultConfigurationIsVisible = 0;
			defaultConfigurationName = Release;
		};
/* End XCConfigurationList section */
	};
	rootObject = FA734728299B7E7500D68127 /* Project object */;
}
